
Microsoft Visual Studio Solution File, Format Version 12.00
# Visual Studio Version 17
VisualStudioVersion = 17.3.32611.2
MinimumVisualStudioVersion = 10.0.40219.1
Project("{2150E333-8FDC-42A3-9474-1A3956D46DE8}") = "Элементы решения", "Элементы решения", "{049827F3-1993-44EA-B9D2-5B3FBB0A78E5}"
	ProjectSection(SolutionItems) = preProject
		Readme.md = Readme.md
	EndProjectSection
EndProject
Project("{2150E333-8FDC-42A3-9474-1A3956D46DE8}") = "src", "src", "{BBC8C53D-0C15-4550-B6A5-2F8B436F2854}"
EndProject
Project("{2150E333-8FDC-42A3-9474-1A3956D46DE8}") = "1 - Presentation", "1 - Presentation", "{D8896A8F-1DDC-412F-9343-BB445ECD8044}"
EndProject
Project("{2150E333-8FDC-42A3-9474-1A3956D46DE8}") = "2 - Application", "2 - Application", "{0140E0FA-0B1A-4AFB-98E6-A06EA41A4BF2}"
EndProject
Project("{2150E333-8FDC-42A3-9474-1A3956D46DE8}") = "3 - Services", "3 - Services", "{28BD0E2C-4E5A-49F2-A381-B389A7CA4046}"
EndProject
Project("{2150E333-8FDC-42A3-9474-1A3956D46DE8}") = "4 - Domain", "4 - Domain", "{EA6273E9-A7F1-4207-8F2C-554AE2C5EE3A}"
EndProject
Project("{2150E333-8FDC-42A3-9474-1A3956D46DE8}") = "5 - Persistence", "5 - Persistence", "{2F74ACA7-3DAC-4CA4-B850-2F1FD0D96084}"
EndProject
Project("{2150E333-8FDC-42A3-9474-1A3956D46DE8}") = "6 - Infra", "6 - Infra", "{F03ACE3C-417B-4E1C-843C-2624F7941F20}"
EndProject
Project("{9A19103F-16F7-4668-BE54-9A1E7A4F7556}") = "WebResume.Application", "WebResume.Application\WebResume.Application.csproj", "{4BCA9A7F-3A73-404F-A428-A78DEDD639EE}"
EndProject
Project("{9A19103F-16F7-4668-BE54-9A1E7A4F7556}") = "WebResume.Domain", "WebResume.Domain\WebResume.Domain.csproj", "{2C0CED4A-D926-4A1B-B3CD-DACF629375FF}"
EndProject
Project("{9A19103F-16F7-4668-BE54-9A1E7A4F7556}") = "WebResume.Persistence", "WebResume.Persistence\WebResume.Persistence.csproj", "{ACB4F6BD-C4BA-4A0D-AAAB-3E9202B087E0}"
EndProject
Project("{9A19103F-16F7-4668-BE54-9A1E7A4F7556}") = "WebResume.Infra", "WebResume.Infra\WebResume.Infra.csproj", "{92B3E967-3763-4917-8FB0-FE1CA855743D}"
EndProject
Project("{9A19103F-16F7-4668-BE54-9A1E7A4F7556}") = "WebResume.Presentation", "WebResume.Presentation\WebResume.Presentation.csproj", "{99884FD6-9EFB-4BC6-82F1-0BDCBDD9DBEA}"
EndProject
Project("{2150E333-8FDC-42A3-9474-1A3956D46DE8}") = "3.1 - MailService", "3.1 - MailService", "{B5CBECE9-F76E-41C9-A301-429223B7C15B}"
EndProject
Project("{2150E333-8FDC-42A3-9474-1A3956D46DE8}") = "3.2 - ProjectService", "3.2 - ProjectService", "{3B2C6B91-4412-474A-82F0-4ECBADA2E7B1}"
EndProject
Project("{9A19103F-16F7-4668-BE54-9A1E7A4F7556}") = "WebResume.Services.MailService", "WebResume.Services.MailService\WebResume.Services.MailService.csproj", "{277A3780-8151-4643-826C-48D7517622F6}"
EndProject
Project("{9A19103F-16F7-4668-BE54-9A1E7A4F7556}") = "WebResume.Services.ProjectService", "WebResume.Services.ProjectService\WebResume.Services.ProjectService.csproj", "{86172189-075A-45BB-8451-2EF6C3131371}"
EndProject
Project("{2150E333-8FDC-42A3-9474-1A3956D46DE8}") = "3.3 - CacheService", "3.3 - CacheService", "{C3DB24C4-9E68-4D44-8663-FD29F3476E95}"
EndProject
Global
	GlobalSection(SolutionConfigurationPlatforms) = preSolution
		Debug|Any CPU = Debug|Any CPU
		Release|Any CPU = Release|Any CPU
	EndGlobalSection
	GlobalSection(ProjectConfigurationPlatforms) = postSolution
		{4BCA9A7F-3A73-404F-A428-A78DEDD639EE}.Debug|Any CPU.ActiveCfg = Debug|Any CPU
		{4BCA9A7F-3A73-404F-A428-A78DEDD639EE}.Debug|Any CPU.Build.0 = Debug|Any CPU
		{4BCA9A7F-3A73-404F-A428-A78DEDD639EE}.Release|Any CPU.ActiveCfg = Release|Any CPU
		{4BCA9A7F-3A73-404F-A428-A78DEDD639EE}.Release|Any CPU.Build.0 = Release|Any CPU
		{2C0CED4A-D926-4A1B-B3CD-DACF629375FF}.Debug|Any CPU.ActiveCfg = Debug|Any CPU
		{2C0CED4A-D926-4A1B-B3CD-DACF629375FF}.Debug|Any CPU.Build.0 = Debug|Any CPU
		{2C0CED4A-D926-4A1B-B3CD-DACF629375FF}.Release|Any CPU.ActiveCfg = Release|Any CPU
		{2C0CED4A-D926-4A1B-B3CD-DACF629375FF}.Release|Any CPU.Build.0 = Release|Any CPU
		{ACB4F6BD-C4BA-4A0D-AAAB-3E9202B087E0}.Debug|Any CPU.ActiveCfg = Debug|Any CPU
		{ACB4F6BD-C4BA-4A0D-AAAB-3E9202B087E0}.Debug|Any CPU.Build.0 = Debug|Any CPU
		{ACB4F6BD-C4BA-4A0D-AAAB-3E9202B087E0}.Release|Any CPU.ActiveCfg = Release|Any CPU
		{ACB4F6BD-C4BA-4A0D-AAAB-3E9202B087E0}.Release|Any CPU.Build.0 = Release|Any CPU
		{92B3E967-3763-4917-8FB0-FE1CA855743D}.Debug|Any CPU.ActiveCfg = Debug|Any CPU
		{92B3E967-3763-4917-8FB0-FE1CA855743D}.Debug|Any CPU.Build.0 = Debug|Any CPU
		{92B3E967-3763-4917-8FB0-FE1CA855743D}.Release|Any CPU.ActiveCfg = Release|Any CPU
		{92B3E967-3763-4917-8FB0-FE1CA855743D}.Release|Any CPU.Build.0 = Release|Any CPU
		{99884FD6-9EFB-4BC6-82F1-0BDCBDD9DBEA}.Debug|Any CPU.ActiveCfg = Debug|Any CPU
		{99884FD6-9EFB-4BC6-82F1-0BDCBDD9DBEA}.Debug|Any CPU.Build.0 = Debug|Any CPU
		{99884FD6-9EFB-4BC6-82F1-0BDCBDD9DBEA}.Release|Any CPU.ActiveCfg = Release|Any CPU
		{99884FD6-9EFB-4BC6-82F1-0BDCBDD9DBEA}.Release|Any CPU.Build.0 = Release|Any CPU
		{277A3780-8151-4643-826C-48D7517622F6}.Debug|Any CPU.ActiveCfg = Debug|Any CPU
		{277A3780-8151-4643-826C-48D7517622F6}.Debug|Any CPU.Build.0 = Debug|Any CPU
		{277A3780-8151-4643-826C-48D7517622F6}.Release|Any CPU.ActiveCfg = Release|Any CPU
		{277A3780-8151-4643-826C-48D7517622F6}.Release|Any CPU.Build.0 = Release|Any CPU
		{86172189-075A-45BB-8451-2EF6C3131371}.Debug|Any CPU.ActiveCfg = Debug|Any CPU
		{86172189-075A-45BB-8451-2EF6C3131371}.Debug|Any CPU.Build.0 = Debug|Any CPU
		{86172189-075A-45BB-8451-2EF6C3131371}.Release|Any CPU.ActiveCfg = Release|Any CPU
		{86172189-075A-45BB-8451-2EF6C3131371}.Release|Any CPU.Build.0 = Release|Any CPU
	EndGlobalSection
	GlobalSection(SolutionProperties) = preSolution
		HideSolutionNode = FALSE
	EndGlobalSection
	GlobalSection(NestedProjects) = preSolution
		{D8896A8F-1DDC-412F-9343-BB445ECD8044} = {BBC8C53D-0C15-4550-B6A5-2F8B436F2854}
		{0140E0FA-0B1A-4AFB-98E6-A06EA41A4BF2} = {BBC8C53D-0C15-4550-B6A5-2F8B436F2854}
		{28BD0E2C-4E5A-49F2-A381-B389A7CA4046} = {BBC8C53D-0C15-4550-B6A5-2F8B436F2854}
		{EA6273E9-A7F1-4207-8F2C-554AE2C5EE3A} = {BBC8C53D-0C15-4550-B6A5-2F8B436F2854}
		{2F74ACA7-3DAC-4CA4-B850-2F1FD0D96084} = {BBC8C53D-0C15-4550-B6A5-2F8B436F2854}
		{F03ACE3C-417B-4E1C-843C-2624F7941F20} = {BBC8C53D-0C15-4550-B6A5-2F8B436F2854}
		{4BCA9A7F-3A73-404F-A428-A78DEDD639EE} = {0140E0FA-0B1A-4AFB-98E6-A06EA41A4BF2}
		{2C0CED4A-D926-4A1B-B3CD-DACF629375FF} = {EA6273E9-A7F1-4207-8F2C-554AE2C5EE3A}
		{ACB4F6BD-C4BA-4A0D-AAAB-3E9202B087E0} = {2F74ACA7-3DAC-4CA4-B850-2F1FD0D96084}
		{92B3E967-3763-4917-8FB0-FE1CA855743D} = {F03ACE3C-417B-4E1C-843C-2624F7941F20}
		{99884FD6-9EFB-4BC6-82F1-0BDCBDD9DBEA} = {D8896A8F-1DDC-412F-9343-BB445ECD8044}
		{B5CBECE9-F76E-41C9-A301-429223B7C15B} = {28BD0E2C-4E5A-49F2-A381-B389A7CA4046}
		{3B2C6B91-4412-474A-82F0-4ECBADA2E7B1} = {28BD0E2C-4E5A-49F2-A381-B389A7CA4046}
		{277A3780-8151-4643-826C-48D7517622F6} = {B5CBECE9-F76E-41C9-A301-429223B7C15B}
		{86172189-075A-45BB-8451-2EF6C3131371} = {3B2C6B91-4412-474A-82F0-4ECBADA2E7B1}
		{C3DB24C4-9E68-4D44-8663-FD29F3476E95} = {28BD0E2C-4E5A-49F2-A381-B389A7CA4046}
	EndGlobalSection
	GlobalSection(ExtensibilityGlobals) = postSolution
		SolutionGuid = {D88D7D45-066E-41A3-B6EE-46C0AE939FDC}
	EndGlobalSection
EndGlobal
