
Microsoft Visual Studio Solution File, Format Version 12.00
# Visual Studio Version 17
VisualStudioVersion = 17.3.32611.2
MinimumVisualStudioVersion = 10.0.40219.1
Project("{2150E333-8FDC-42A3-9474-1A3956D46DE8}") = "Элементы решения", "Элементы решения", "{049827F3-1993-44EA-B9D2-5B3FBB0A78E5}"
	ProjectSection(SolutionItems) = preProject
		Readme.md = Readme.md
	EndProjectSection
EndProject
Project("{2150E333-8FDC-42A3-9474-1A3956D46DE8}") = "src", "src", "{BBC8C53D-0C15-4550-B6A5-2F8B436F2854}"
EndProject
Project("{2150E333-8FDC-42A3-9474-1A3956D46DE8}") = "1.1.1 - Presentation", "1.1.1 - Presentation", "{D8896A8F-1DDC-412F-9343-BB445ECD8044}"
EndProject
Project("{2150E333-8FDC-42A3-9474-1A3956D46DE8}") = "1.1.2 - Application", "1.1.2 - Application", "{0140E0FA-0B1A-4AFB-98E6-A06EA41A4BF2}"
EndProject
Project("{2150E333-8FDC-42A3-9474-1A3956D46DE8}") = "1.1.3 - Domain", "1.1.3 - Domain", "{EA6273E9-A7F1-4207-8F2C-554AE2C5EE3A}"
EndProject
Project("{2150E333-8FDC-42A3-9474-1A3956D46DE8}") = "1.1.4 - Persistence", "1.1.4 - Persistence", "{2F74ACA7-3DAC-4CA4-B850-2F1FD0D96084}"
EndProject
Project("{2150E333-8FDC-42A3-9474-1A3956D46DE8}") = "1.1.5 - Infra", "1.1.5 - Infra", "{F03ACE3C-417B-4E1C-843C-2624F7941F20}"
EndProject
Project("{2150E333-8FDC-42A3-9474-1A3956D46DE8}") = "1 - Consumers", "1 - Consumers", "{8FE2B9B6-8909-4865-A043-A0E88C4B5916}"
EndProject
Project("{2150E333-8FDC-42A3-9474-1A3956D46DE8}") = "3 - Microservices", "3 - Microservices", "{8D27A25A-DB9F-4968-8EF2-6484EC7248EA}"
EndProject
Project("{2150E333-8FDC-42A3-9474-1A3956D46DE8}") = "1.1 - Web", "1.1 - Web", "{B2E6A04E-2CF4-4BDD-920B-4FA6890541BD}"
EndProject
Project("{2150E333-8FDC-42A3-9474-1A3956D46DE8}") = "3.2 - PetProjectService", "3.2 - PetProjectService", "{3E65A84F-9856-40BE-8CBC-2ACD3DEDB4ED}"
EndProject
Project("{2150E333-8FDC-42A3-9474-1A3956D46DE8}") = "3.2.1 - Presentation", "3.2.1 - Presentation", "{AA36AB2A-35B8-498F-ACAE-D2679E8512A3}"
EndProject
Project("{9A19103F-16F7-4668-BE54-9A1E7A4F7556}") = "WR.Microservices.PetProjectService.Presentation", "WR.Microservices.PetProjectService.Presentation\WR.Microservices.PetProjectService.Presentation.csproj", "{E8DE376C-688B-4A91-A6AF-1B165ECE0765}"
EndProject
Project("{2150E333-8FDC-42A3-9474-1A3956D46DE8}") = "3.2.2 - Application", "3.2.2 - Application", "{7D8D8D7A-474F-4D30-B08A-00D111BE0A75}"
EndProject
Project("{9A19103F-16F7-4668-BE54-9A1E7A4F7556}") = "WR.Microservices.PetProjectService.Application", "WR.Microservices.PetProjectService.Application\WR.Microservices.PetProjectService.Application.csproj", "{FE37225D-188E-46D7-9B98-9AEBBFC09792}"
EndProject
Project("{2150E333-8FDC-42A3-9474-1A3956D46DE8}") = "3.2.3 - Domain", "3.2.3 - Domain", "{B4246139-EB4A-4748-BA04-E274CAF0A287}"
EndProject
Project("{9A19103F-16F7-4668-BE54-9A1E7A4F7556}") = "WR.Microservices.PetProjectService.Domain", "WR.Microservices.PetProjectService.Domain\WR.Microservices.PetProjectService.Domain.csproj", "{842E9053-4211-4D95-AF65-F03DCB618D44}"
EndProject
Project("{2150E333-8FDC-42A3-9474-1A3956D46DE8}") = "3.2.4 - Persistence", "3.2.4 - Persistence", "{89A653D5-BB9C-4B09-B4EE-E8911C1A846C}"
EndProject
Project("{9A19103F-16F7-4668-BE54-9A1E7A4F7556}") = "WR.Microservices.PetProjectService.Persistence", "WR.Microservices.PetProjectService.Persistence\WR.Microservices.PetProjectService.Persistence.csproj", "{E5B0934F-29B0-4DEE-8D56-47E3244937E4}"
EndProject
Project("{2150E333-8FDC-42A3-9474-1A3956D46DE8}") = "3.2.5 - Infra", "3.2.5 - Infra", "{5D1B614A-D55D-44F7-8278-B9AEA7EF39A1}"
EndProject
Project("{9A19103F-16F7-4668-BE54-9A1E7A4F7556}") = "WR.Microservices.PetProjectService.Infra", "WR.Microservices.PetProjectService.Infra\WR.Microservices.PetProjectService.Infra.csproj", "{CE576F7D-F59E-46F8-9719-4342C54E5B46}"
EndProject
Project("{9A19103F-16F7-4668-BE54-9A1E7A4F7556}") = "WR.Consumers.Web.Application", "WR.Consumers.Web.Application\WR.Consumers.Web.Application.csproj", "{3A315A4B-1042-4B2B-BBD3-58AD0A4E6512}"
EndProject
Project("{9A19103F-16F7-4668-BE54-9A1E7A4F7556}") = "WR.Consumers.Web.Domain", "WR.Consumers.Web.Domain\WR.Consumers.Web.Domain.csproj", "{0E88BF34-1DE8-4B88-B763-AE5FB82B2142}"
EndProject
Project("{9A19103F-16F7-4668-BE54-9A1E7A4F7556}") = "WR.Consumers.Web.Infra", "WR.Consumers.Web.Infra\WR.Consumers.Web.Infra.csproj", "{2FF9E8ED-AA29-41E3-8947-9050FBFC7413}"
EndProject
Project("{2150E333-8FDC-42A3-9474-1A3956D46DE8}") = "4 - Shared", "4 - Shared", "{032E4282-9A36-43CF-96E2-2117911E962E}"
EndProject
Project("{2150E333-8FDC-42A3-9474-1A3956D46DE8}") = "4.1 - Persistence", "4.1 - Persistence", "{ABE873EA-A36A-4C68-9AAB-AE72DC573EFC}"
EndProject
Project("{9A19103F-16F7-4668-BE54-9A1E7A4F7556}") = "WR.Shared.Persistence", "WR.Shared.Persistence\WR.Shared.Persistence.csproj", "{C6F27A28-5EB0-4D47-97C9-03047432B65B}"
EndProject
Project("{9A19103F-16F7-4668-BE54-9A1E7A4F7556}") = "WR.Consumers.Web.Presentation", "WR.Consumers.Web.Presentation\WR.Consumers.Web.Presentation.csproj", "{3F218B21-E98C-4456-9EDB-12AB5DF39143}"
EndProject
Project("{2150E333-8FDC-42A3-9474-1A3956D46DE8}") = "3.1 - ContactMessageService", "3.1 - ContactMessageService", "{68A8D1D7-E76D-4035-87BC-DF6EB29D22C1}"
EndProject
Project("{2150E333-8FDC-42A3-9474-1A3956D46DE8}") = "3.1.1 - Presentation", "3.1.1 - Presentation", "{F7082B32-9B9E-414F-AC0F-0A3F8933DBFB}"
EndProject
Project("{9A19103F-16F7-4668-BE54-9A1E7A4F7556}") = "WR.Microservices.ContactMessageService.Presentation", "WR.Microservices.ContactMessageService.Presentation\WR.Microservices.ContactMessageService.Presentation.csproj", "{2733017D-6782-4DE9-AB9F-AD44FA9E79F5}"
EndProject
Project("{2150E333-8FDC-42A3-9474-1A3956D46DE8}") = "3.1.2 - Application", "3.1.2 - Application", "{34EA10B7-D8D5-4036-AFC3-18599B690AC6}"
EndProject
Project("{9A19103F-16F7-4668-BE54-9A1E7A4F7556}") = "WR.Microservices.ContactMessageService.Application", "WR.Microservices.ContactMessageService.Application\WR.Microservices.ContactMessageService.Application.csproj", "{823B3B8A-F65D-4303-A1ED-1FE4E5F17142}"
EndProject
Project("{2150E333-8FDC-42A3-9474-1A3956D46DE8}") = "3.1.3 - Domain", "3.1.3 - Domain", "{D65DD420-7D28-4A16-8D16-1BE51F992AC0}"
EndProject
Project("{9A19103F-16F7-4668-BE54-9A1E7A4F7556}") = "WR.Microservices.ContactMessageService.Domain", "WR.Microservices.ContactMessageService.Domain\WR.Microservices.ContactMessageService.Domain.csproj", "{6C5AA1AB-0D75-4DBB-9871-7E6263F579FB}"
EndProject
Project("{2150E333-8FDC-42A3-9474-1A3956D46DE8}") = "3.1.4 - Persistence", "3.1.4 - Persistence", "{B77C3D0F-E997-4BE5-8738-4DAA01620464}"
EndProject
Project("{9A19103F-16F7-4668-BE54-9A1E7A4F7556}") = "WR.Microservices.ContactMessageService.Persistence", "WR.Microservices.ContactMessageService.Persistence\WR.Microservices.ContactMessageService.Persistence.csproj", "{54973DE1-88C1-44C4-8FD2-BA9FAE5D0578}"
EndProject
Project("{2150E333-8FDC-42A3-9474-1A3956D46DE8}") = "3.1.5 - Infra", "3.1.5 - Infra", "{EBBF831C-6470-4D00-BEE6-95902B66AC5D}"
EndProject
Project("{9A19103F-16F7-4668-BE54-9A1E7A4F7556}") = "WR.Microservices.ContactMessageService.Infra", "WR.Microservices.ContactMessageService.Infra\WR.Microservices.ContactMessageService.Infra.csproj", "{45BCD5C4-A4E5-4D54-88E7-91936AF73000}"
EndProject
Project("{2150E333-8FDC-42A3-9474-1A3956D46DE8}") = "3.3 - GitHubIntegratorService", "3.3 - GitHubIntegratorService", "{9AD3D62C-AC56-4783-92F7-DE59F4BD3838}"
EndProject
Project("{2150E333-8FDC-42A3-9474-1A3956D46DE8}") = "3.3.1 - Presentation", "3.3.1 - Presentation", "{BBB4D875-01AA-4D6A-BAEF-57017A876640}"
EndProject
Project("{9A19103F-16F7-4668-BE54-9A1E7A4F7556}") = "WR.Microservices.GitHubIntegratorService.Presentation", "WR.Microservices.GitHubIntegratorService.Presentation\WR.Microservices.GitHubIntegratorService.Presentation.csproj", "{01D7168D-F6C3-4E52-B5F2-4091EA1FBABE}"
EndProject
Project("{2150E333-8FDC-42A3-9474-1A3956D46DE8}") = "3.3.2 - Application", "3.3.2 - Application", "{17B617F8-D3C2-4892-ADD2-D652855AFC71}"
EndProject
Project("{9A19103F-16F7-4668-BE54-9A1E7A4F7556}") = "WR.Microservices.GitHubIntegratorService.Application", "WR.Microservices.GitHubIntegratorService.Application\WR.Microservices.GitHubIntegratorService.Application.csproj", "{04976FD8-1D2C-41CE-A1E7-9AEE477E392D}"
EndProject
Project("{2150E333-8FDC-42A3-9474-1A3956D46DE8}") = "3.3.3 - Domain", "3.3.3 - Domain", "{77D2F985-1BD2-43CF-9829-3D2A65E71813}"
EndProject
Project("{9A19103F-16F7-4668-BE54-9A1E7A4F7556}") = "WR.Microservices.GitHubIntegratorService.Domain", "WR.Microservices.GitHubIntegratorService.Domain\WR.Microservices.GitHubIntegratorService.Domain.csproj", "{AB18A4BA-9DB7-49BD-BB59-DE5C4C879D1E}"
EndProject
Project("{2150E333-8FDC-42A3-9474-1A3956D46DE8}") = "3.3.4 - Persistence", "3.3.4 - Persistence", "{EABE071E-98BB-4D95-AA6A-B354EF25516D}"
EndProject
Project("{9A19103F-16F7-4668-BE54-9A1E7A4F7556}") = "WR.Microservices.GitHubIntegratorService.Persistence", "WR.Microservices.GitHubIntegratorService.Persistence\WR.Microservices.GitHubIntegratorService.Persistence.csproj", "{2598DA8B-F508-418A-996B-287BAFC9FFF5}"
EndProject
Project("{2150E333-8FDC-42A3-9474-1A3956D46DE8}") = "3.3.5 - Infra", "3.3.5 - Infra", "{EEE954C6-F710-4BB2-8AFD-090AA4310051}"
EndProject
Project("{9A19103F-16F7-4668-BE54-9A1E7A4F7556}") = "WR.Microservices.GitHubIntegratorService.Infra", "WR.Microservices.GitHubIntegratorService.Infra\WR.Microservices.GitHubIntegratorService.Infra.csproj", "{66806037-1FBF-4FC5-BD92-2A7CC51A4936}"
EndProject
Project("{9A19103F-16F7-4668-BE54-9A1E7A4F7556}") = "WR.Microservices.GitHubIntegratorService.Domain.Core", "WR.Microservices.GitHubIntegratorService.Domain.Core\WR.Microservices.GitHubIntegratorService.Domain.Core.csproj", "{6F19CDD7-0758-4320-8DE0-343F5C4A536F}"
EndProject
Project("{2150E333-8FDC-42A3-9474-1A3956D46DE8}") = "2 - Gateway", "2 - Gateway", "{8305BD3B-FCDB-4DB8-AA68-8D9B0A5DBE7C}"
EndProject
Project("{9A19103F-16F7-4668-BE54-9A1E7A4F7556}") = "WR.Consumers.Web.Domain.Core", "WR.Consumers.Web.Domain.Core\WR.Consumers.Web.Domain.Core.csproj", "{F395B98A-7BEC-4C09-9398-93D81B74CB13}"
EndProject
Project("{9A19103F-16F7-4668-BE54-9A1E7A4F7556}") = "WR.Consumers.Web.Persistence", "WR.Consumers.Web.Persistence\WR.Consumers.Web.Persistence.csproj", "{A33FA73D-C3F7-48FF-AE8E-61DE90AB3180}"
EndProject
Project("{2150E333-8FDC-42A3-9474-1A3956D46DE8}") = "4.2 - Domain", "4.2 - Domain", "{72D67DBD-23F8-4E7D-959F-2E7E2FC1F9C9}"
EndProject
Project("{9A19103F-16F7-4668-BE54-9A1E7A4F7556}") = "WR.Shared.Domain", "WR.Shared.Domain\WR.Shared.Domain.csproj", "{FB08E535-E179-4D09-9CBC-9D6E0F9F6456}"
EndProject
Project("{2150E333-8FDC-42A3-9474-1A3956D46DE8}") = "1.2 - Desktop", "1.2 - Desktop", "{708BA138-9280-4ABA-B6B2-6B701F7B3355}"
EndProject
Project("{2150E333-8FDC-42A3-9474-1A3956D46DE8}") = "1.2.1 - Presentation", "1.2.1 - Presentation", "{3341CC35-29DD-48B6-AEA5-2E2A11F4651D}"
EndProject
Project("{2150E333-8FDC-42A3-9474-1A3956D46DE8}") = "1.2.2 - Application", "1.2.2 - Application", "{96DD3D57-9C36-46A9-8180-CB0257CFAE3A}"
EndProject
Project("{2150E333-8FDC-42A3-9474-1A3956D46DE8}") = "1.2.3 - Domain", "1.2.3 - Domain", "{4BA06732-17D0-49A6-A4AD-D4A01AFDEA14}"
EndProject
Project("{2150E333-8FDC-42A3-9474-1A3956D46DE8}") = "1.2.4 - Persistence", "1.2.4 - Persistence", "{04074DE6-F75D-4373-87EB-5421EC8A8CD2}"
EndProject
Project("{2150E333-8FDC-42A3-9474-1A3956D46DE8}") = "1.2.5 - Infra", "1.2.5 - Infra", "{401EA0EC-FF53-4F98-9580-C8E208E72427}"
EndProject
Project("{9A19103F-16F7-4668-BE54-9A1E7A4F7556}") = "WR.Consumers.Desktop.Presentation", "WR.Consumers.Desktop.Presentation\WR.Consumers.Desktop.Presentation.csproj", "{932ED32C-64E1-40DE-AABA-646A32698DB5}"
EndProject
Project("{9A19103F-16F7-4668-BE54-9A1E7A4F7556}") = "WR.Consumers.Desktop.Application", "WR.Consumers.Desktop.Application\WR.Consumers.Desktop.Application.csproj", "{424DF2E0-6E35-40F1-84D2-4B1A8F8A762E}"
EndProject
Project("{9A19103F-16F7-4668-BE54-9A1E7A4F7556}") = "WR.Consumers.Desktop.Domain.Core", "WR.Consumers.Desktop.Domain.Core\WR.Consumers.Desktop.Domain.Core.csproj", "{3005570F-B516-49E8-A02B-A9298C386A49}"
EndProject
Project("{9A19103F-16F7-4668-BE54-9A1E7A4F7556}") = "WR.Consumers.Desktop.Domain", "WR.Consumers.Desktop.Domain\WR.Consumers.Desktop.Domain.csproj", "{916B4513-48F8-4E56-9FD1-F140515A808E}"
EndProject
Project("{9A19103F-16F7-4668-BE54-9A1E7A4F7556}") = "WR.Consumers.Desktop.Persistence", "WR.Consumers.Desktop.Persistence\WR.Consumers.Desktop.Persistence.csproj", "{12FA413D-93F7-438C-9B7E-27F2DE06ACFF}"
EndProject
Project("{9A19103F-16F7-4668-BE54-9A1E7A4F7556}") = "WR.Consumers.Desktop.Infra", "WR.Consumers.Desktop.Infra\WR.Consumers.Desktop.Infra.csproj", "{EB169070-FA24-4E70-A498-13686742F0E2}"
EndProject
Project("{2150E333-8FDC-42A3-9474-1A3956D46DE8}") = "2.1 - Web", "2.1 - Web", "{1CF6BE8F-BEB6-4C2F-B5AB-50169B9E2F92}"
EndProject
Project("{9A19103F-16F7-4668-BE54-9A1E7A4F7556}") = "WR.Gateway.Web", "WR.Gateway.Web\WR.Gateway.Web.csproj", "{E7DD4714-77DB-4D73-BFF9-3D8D23DA1C65}"
EndProject
Project("{2150E333-8FDC-42A3-9474-1A3956D46DE8}") = "2.2 - Desktop", "2.2 - Desktop", "{FE947F21-7753-44A3-82D5-0BA7DC4801B0}"
EndProject
Project("{9A19103F-16F7-4668-BE54-9A1E7A4F7556}") = "WR.Gateway.Desktop", "WR.Gateway.Desktop\WR.Gateway.Desktop.csproj", "{0B53A65E-C4F7-45E0-B63B-501EE13348D8}"
EndProject
Project("{2150E333-8FDC-42A3-9474-1A3956D46DE8}") = "3.4 - AuthenticationService", "3.4 - AuthenticationService", "{6F2A8FBD-CB4F-41F8-857D-6775590DC7D2}"
EndProject
Project("{2150E333-8FDC-42A3-9474-1A3956D46DE8}") = "3.4.1 - Presentation", "3.4.1 - Presentation", "{AE143545-5F70-41D6-A87E-B38DEBC41828}"
EndProject
Project("{2150E333-8FDC-42A3-9474-1A3956D46DE8}") = "3.4.2 - Application", "3.4.2 - Application", "{A14A5A76-2A29-437F-B422-4D9B26D30201}"
EndProject
Project("{2150E333-8FDC-42A3-9474-1A3956D46DE8}") = "3.4.3 - Domain", "3.4.3 - Domain", "{50050709-2A34-4557-A1DE-8273398EB40B}"
EndProject
Project("{2150E333-8FDC-42A3-9474-1A3956D46DE8}") = "3.4.4 - Persistence", "3.4.4 - Persistence", "{BE553FD8-257C-4F4C-B8CE-0B3810DCB686}"
EndProject
Project("{2150E333-8FDC-42A3-9474-1A3956D46DE8}") = "3.4.5 - Infra", "3.4.5 - Infra", "{B6518ABB-47AB-4795-9F4A-F9F836E10C74}"
EndProject
Project("{FAE04EC0-301F-11D3-BF4B-00C04F79EFBC}") = "WR.Microservices.AuthenticationService.Presentation", "WR.Microservices.AuthenticationService.Presentation\WR.Microservices.AuthenticationService.Presentation.csproj", "{AA682CD9-F3BD-4C7F-BD77-058D27CB339D}"
EndProject
Project("{FAE04EC0-301F-11D3-BF4B-00C04F79EFBC}") = "WR.Microservices.AuthenticationService.Application", "WR.Microservices.AuthenticationService.Application\WR.Microservices.AuthenticationService.Application.csproj", "{39A15F3F-913C-4AF4-821E-E83068648700}"
EndProject
Project("{FAE04EC0-301F-11D3-BF4B-00C04F79EFBC}") = "WR.Microservices.AuthenticationService.Domain", "WR.Microservices.AuthenticationService.Domain\WR.Microservices.AuthenticationService.Domain.csproj", "{2258DA25-3EB6-44FC-B7F3-15E909761260}"
EndProject
Project("{FAE04EC0-301F-11D3-BF4B-00C04F79EFBC}") = "WR.Microservices.AuthenticationServices.Domain.Core", "WR.Microservices.AuthenticationServices.Domain.Core\WR.Microservices.AuthenticationServices.Domain.Core.csproj", "{8F0DEEAA-A553-49E2-80BE-703AE618070E}"
EndProject
Project("{FAE04EC0-301F-11D3-BF4B-00C04F79EFBC}") = "WR.Microservices.AuthenticationService.Persistence", "WR.Microservices.AuthenticationService.Persistence\WR.Microservices.AuthenticationService.Persistence.csproj", "{EE61BD1B-77AB-48BB-976E-56A4F17D05E5}"
EndProject
Project("{FAE04EC0-301F-11D3-BF4B-00C04F79EFBC}") = "WR.Microservices.AuthenticationService.Infra", "WR.Microservices.AuthenticationService.Infra\WR.Microservices.AuthenticationService.Infra.csproj", "{77B17889-0A7B-4F9D-90AD-C9D5CC6ADE5B}"
EndProject
Project("{2150E333-8FDC-42A3-9474-1A3956D46DE8}") = "3.5 - UserService", "3.5 - UserService", "{506D3162-97F3-41FB-BEBA-16307C31E092}"
EndProject
Project("{2150E333-8FDC-42A3-9474-1A3956D46DE8}") = "3.5.1 - Presentation", "3.5.1 - Presentation", "{6AD76B5C-F78B-42CB-A124-A2A2D931AA1C}"
EndProject
Project("{FAE04EC0-301F-11D3-BF4B-00C04F79EFBC}") = "WR.Microservices.UserService.Presentation", "WR.Microservices.UserService.Presentation\WR.Microservices.UserService.Presentation.csproj", "{75C5FA05-D2EF-4EC1-BEB1-58FE24CFC505}"
EndProject
Project("{2150E333-8FDC-42A3-9474-1A3956D46DE8}") = "3.5.2 - Application", "3.5.2 - Application", "{426E8B17-79E4-4633-AF9F-D88AB3E02310}"
EndProject
Project("{FAE04EC0-301F-11D3-BF4B-00C04F79EFBC}") = "WR.Microservices.UserService.Application", "WR.Microservices.UserService.Application\WR.Microservices.UserService.Application.csproj", "{2EFDADBB-1654-449D-BDA8-5E2C535EB01B}"
EndProject
Project("{2150E333-8FDC-42A3-9474-1A3956D46DE8}") = "3.5.3 - Domain", "3.5.3 - Domain", "{DDB4E128-5104-4F73-BE0B-8ADDEF4AB3A9}"
EndProject
Project("{FAE04EC0-301F-11D3-BF4B-00C04F79EFBC}") = "WR.Microservices.UserService.Domain", "WR.Microservices.UserService.Domain\WR.Microservices.UserService.Domain.csproj", "{A812AF32-50A4-4CDA-BF5B-A95627558F68}"
EndProject
Project("{FAE04EC0-301F-11D3-BF4B-00C04F79EFBC}") = "WR.Microservices.UserService.Domain.Core", "WR.Microservices.UserService.Domain.Core\WR.Microservices.UserService.Domain.Core.csproj", "{344AFFAA-9D44-4F03-BB5F-9466AB27AC2E}"
EndProject
Project("{2150E333-8FDC-42A3-9474-1A3956D46DE8}") = "3.5.4 - Persistence", "3.5.4 - Persistence", "{BE1BE5D1-8569-44E0-9322-5FA98BBDE8FA}"
EndProject
Project("{FAE04EC0-301F-11D3-BF4B-00C04F79EFBC}") = "WR.Microservices.UserService.Persistence", "WR.Microservices.UserService.Persistence\WR.Microservices.UserService.Persistence.csproj", "{07877174-7957-4A2D-B5D5-7680AD887BFF}"
EndProject
Project("{2150E333-8FDC-42A3-9474-1A3956D46DE8}") = "3.5.5 - Infra", "3.5.5 - Infra", "{7481E9FB-E7A2-4FE2-BF0E-FF254C845E3B}"
EndProject
Project("{FAE04EC0-301F-11D3-BF4B-00C04F79EFBC}") = "WR.Microservices.UserService.Infra", "WR.Microservices.UserService.Infra\WR.Microservices.UserService.Infra.csproj", "{3A043D2A-5AF7-45D6-91D7-6B9B709C6652}"
EndProject
Global
	GlobalSection(SolutionConfigurationPlatforms) = preSolution
		Debug|Any CPU = Debug|Any CPU
		Release|Any CPU = Release|Any CPU
	EndGlobalSection
	GlobalSection(ProjectConfigurationPlatforms) = postSolution
		{E8DE376C-688B-4A91-A6AF-1B165ECE0765}.Debug|Any CPU.ActiveCfg = Debug|Any CPU
		{E8DE376C-688B-4A91-A6AF-1B165ECE0765}.Debug|Any CPU.Build.0 = Debug|Any CPU
		{E8DE376C-688B-4A91-A6AF-1B165ECE0765}.Release|Any CPU.ActiveCfg = Release|Any CPU
		{E8DE376C-688B-4A91-A6AF-1B165ECE0765}.Release|Any CPU.Build.0 = Release|Any CPU
		{FE37225D-188E-46D7-9B98-9AEBBFC09792}.Debug|Any CPU.ActiveCfg = Debug|Any CPU
		{FE37225D-188E-46D7-9B98-9AEBBFC09792}.Debug|Any CPU.Build.0 = Debug|Any CPU
		{FE37225D-188E-46D7-9B98-9AEBBFC09792}.Release|Any CPU.ActiveCfg = Release|Any CPU
		{FE37225D-188E-46D7-9B98-9AEBBFC09792}.Release|Any CPU.Build.0 = Release|Any CPU
		{842E9053-4211-4D95-AF65-F03DCB618D44}.Debug|Any CPU.ActiveCfg = Debug|Any CPU
		{842E9053-4211-4D95-AF65-F03DCB618D44}.Debug|Any CPU.Build.0 = Debug|Any CPU
		{842E9053-4211-4D95-AF65-F03DCB618D44}.Release|Any CPU.ActiveCfg = Release|Any CPU
		{842E9053-4211-4D95-AF65-F03DCB618D44}.Release|Any CPU.Build.0 = Release|Any CPU
		{E5B0934F-29B0-4DEE-8D56-47E3244937E4}.Debug|Any CPU.ActiveCfg = Debug|Any CPU
		{E5B0934F-29B0-4DEE-8D56-47E3244937E4}.Debug|Any CPU.Build.0 = Debug|Any CPU
		{E5B0934F-29B0-4DEE-8D56-47E3244937E4}.Release|Any CPU.ActiveCfg = Release|Any CPU
		{E5B0934F-29B0-4DEE-8D56-47E3244937E4}.Release|Any CPU.Build.0 = Release|Any CPU
		{CE576F7D-F59E-46F8-9719-4342C54E5B46}.Debug|Any CPU.ActiveCfg = Debug|Any CPU
		{CE576F7D-F59E-46F8-9719-4342C54E5B46}.Debug|Any CPU.Build.0 = Debug|Any CPU
		{CE576F7D-F59E-46F8-9719-4342C54E5B46}.Release|Any CPU.ActiveCfg = Release|Any CPU
		{CE576F7D-F59E-46F8-9719-4342C54E5B46}.Release|Any CPU.Build.0 = Release|Any CPU
		{3A315A4B-1042-4B2B-BBD3-58AD0A4E6512}.Debug|Any CPU.ActiveCfg = Debug|Any CPU
		{3A315A4B-1042-4B2B-BBD3-58AD0A4E6512}.Debug|Any CPU.Build.0 = Debug|Any CPU
		{3A315A4B-1042-4B2B-BBD3-58AD0A4E6512}.Release|Any CPU.ActiveCfg = Release|Any CPU
		{3A315A4B-1042-4B2B-BBD3-58AD0A4E6512}.Release|Any CPU.Build.0 = Release|Any CPU
		{0E88BF34-1DE8-4B88-B763-AE5FB82B2142}.Debug|Any CPU.ActiveCfg = Debug|Any CPU
		{0E88BF34-1DE8-4B88-B763-AE5FB82B2142}.Debug|Any CPU.Build.0 = Debug|Any CPU
		{0E88BF34-1DE8-4B88-B763-AE5FB82B2142}.Release|Any CPU.ActiveCfg = Release|Any CPU
		{0E88BF34-1DE8-4B88-B763-AE5FB82B2142}.Release|Any CPU.Build.0 = Release|Any CPU
		{2FF9E8ED-AA29-41E3-8947-9050FBFC7413}.Debug|Any CPU.ActiveCfg = Debug|Any CPU
		{2FF9E8ED-AA29-41E3-8947-9050FBFC7413}.Debug|Any CPU.Build.0 = Debug|Any CPU
		{2FF9E8ED-AA29-41E3-8947-9050FBFC7413}.Release|Any CPU.ActiveCfg = Release|Any CPU
		{2FF9E8ED-AA29-41E3-8947-9050FBFC7413}.Release|Any CPU.Build.0 = Release|Any CPU
		{C6F27A28-5EB0-4D47-97C9-03047432B65B}.Debug|Any CPU.ActiveCfg = Debug|Any CPU
		{C6F27A28-5EB0-4D47-97C9-03047432B65B}.Debug|Any CPU.Build.0 = Debug|Any CPU
		{C6F27A28-5EB0-4D47-97C9-03047432B65B}.Release|Any CPU.ActiveCfg = Release|Any CPU
		{C6F27A28-5EB0-4D47-97C9-03047432B65B}.Release|Any CPU.Build.0 = Release|Any CPU
		{3F218B21-E98C-4456-9EDB-12AB5DF39143}.Debug|Any CPU.ActiveCfg = Debug|Any CPU
		{3F218B21-E98C-4456-9EDB-12AB5DF39143}.Debug|Any CPU.Build.0 = Debug|Any CPU
		{3F218B21-E98C-4456-9EDB-12AB5DF39143}.Release|Any CPU.ActiveCfg = Release|Any CPU
		{3F218B21-E98C-4456-9EDB-12AB5DF39143}.Release|Any CPU.Build.0 = Release|Any CPU
		{2733017D-6782-4DE9-AB9F-AD44FA9E79F5}.Debug|Any CPU.ActiveCfg = Debug|Any CPU
		{2733017D-6782-4DE9-AB9F-AD44FA9E79F5}.Debug|Any CPU.Build.0 = Debug|Any CPU
		{2733017D-6782-4DE9-AB9F-AD44FA9E79F5}.Release|Any CPU.ActiveCfg = Release|Any CPU
		{2733017D-6782-4DE9-AB9F-AD44FA9E79F5}.Release|Any CPU.Build.0 = Release|Any CPU
		{823B3B8A-F65D-4303-A1ED-1FE4E5F17142}.Debug|Any CPU.ActiveCfg = Debug|Any CPU
		{823B3B8A-F65D-4303-A1ED-1FE4E5F17142}.Debug|Any CPU.Build.0 = Debug|Any CPU
		{823B3B8A-F65D-4303-A1ED-1FE4E5F17142}.Release|Any CPU.ActiveCfg = Release|Any CPU
		{823B3B8A-F65D-4303-A1ED-1FE4E5F17142}.Release|Any CPU.Build.0 = Release|Any CPU
		{6C5AA1AB-0D75-4DBB-9871-7E6263F579FB}.Debug|Any CPU.ActiveCfg = Debug|Any CPU
		{6C5AA1AB-0D75-4DBB-9871-7E6263F579FB}.Debug|Any CPU.Build.0 = Debug|Any CPU
		{6C5AA1AB-0D75-4DBB-9871-7E6263F579FB}.Release|Any CPU.ActiveCfg = Release|Any CPU
		{6C5AA1AB-0D75-4DBB-9871-7E6263F579FB}.Release|Any CPU.Build.0 = Release|Any CPU
		{54973DE1-88C1-44C4-8FD2-BA9FAE5D0578}.Debug|Any CPU.ActiveCfg = Debug|Any CPU
		{54973DE1-88C1-44C4-8FD2-BA9FAE5D0578}.Debug|Any CPU.Build.0 = Debug|Any CPU
		{54973DE1-88C1-44C4-8FD2-BA9FAE5D0578}.Release|Any CPU.ActiveCfg = Release|Any CPU
		{54973DE1-88C1-44C4-8FD2-BA9FAE5D0578}.Release|Any CPU.Build.0 = Release|Any CPU
		{45BCD5C4-A4E5-4D54-88E7-91936AF73000}.Debug|Any CPU.ActiveCfg = Debug|Any CPU
		{45BCD5C4-A4E5-4D54-88E7-91936AF73000}.Debug|Any CPU.Build.0 = Debug|Any CPU
		{45BCD5C4-A4E5-4D54-88E7-91936AF73000}.Release|Any CPU.ActiveCfg = Release|Any CPU
		{45BCD5C4-A4E5-4D54-88E7-91936AF73000}.Release|Any CPU.Build.0 = Release|Any CPU
		{01D7168D-F6C3-4E52-B5F2-4091EA1FBABE}.Debug|Any CPU.ActiveCfg = Debug|Any CPU
		{01D7168D-F6C3-4E52-B5F2-4091EA1FBABE}.Debug|Any CPU.Build.0 = Debug|Any CPU
		{01D7168D-F6C3-4E52-B5F2-4091EA1FBABE}.Release|Any CPU.ActiveCfg = Release|Any CPU
		{01D7168D-F6C3-4E52-B5F2-4091EA1FBABE}.Release|Any CPU.Build.0 = Release|Any CPU
		{04976FD8-1D2C-41CE-A1E7-9AEE477E392D}.Debug|Any CPU.ActiveCfg = Debug|Any CPU
		{04976FD8-1D2C-41CE-A1E7-9AEE477E392D}.Debug|Any CPU.Build.0 = Debug|Any CPU
		{04976FD8-1D2C-41CE-A1E7-9AEE477E392D}.Release|Any CPU.ActiveCfg = Release|Any CPU
		{04976FD8-1D2C-41CE-A1E7-9AEE477E392D}.Release|Any CPU.Build.0 = Release|Any CPU
		{AB18A4BA-9DB7-49BD-BB59-DE5C4C879D1E}.Debug|Any CPU.ActiveCfg = Debug|Any CPU
		{AB18A4BA-9DB7-49BD-BB59-DE5C4C879D1E}.Debug|Any CPU.Build.0 = Debug|Any CPU
		{AB18A4BA-9DB7-49BD-BB59-DE5C4C879D1E}.Release|Any CPU.ActiveCfg = Release|Any CPU
		{AB18A4BA-9DB7-49BD-BB59-DE5C4C879D1E}.Release|Any CPU.Build.0 = Release|Any CPU
		{2598DA8B-F508-418A-996B-287BAFC9FFF5}.Debug|Any CPU.ActiveCfg = Debug|Any CPU
		{2598DA8B-F508-418A-996B-287BAFC9FFF5}.Debug|Any CPU.Build.0 = Debug|Any CPU
		{2598DA8B-F508-418A-996B-287BAFC9FFF5}.Release|Any CPU.ActiveCfg = Release|Any CPU
		{2598DA8B-F508-418A-996B-287BAFC9FFF5}.Release|Any CPU.Build.0 = Release|Any CPU
		{66806037-1FBF-4FC5-BD92-2A7CC51A4936}.Debug|Any CPU.ActiveCfg = Debug|Any CPU
		{66806037-1FBF-4FC5-BD92-2A7CC51A4936}.Debug|Any CPU.Build.0 = Debug|Any CPU
		{66806037-1FBF-4FC5-BD92-2A7CC51A4936}.Release|Any CPU.ActiveCfg = Release|Any CPU
		{66806037-1FBF-4FC5-BD92-2A7CC51A4936}.Release|Any CPU.Build.0 = Release|Any CPU
		{6F19CDD7-0758-4320-8DE0-343F5C4A536F}.Debug|Any CPU.ActiveCfg = Debug|Any CPU
		{6F19CDD7-0758-4320-8DE0-343F5C4A536F}.Debug|Any CPU.Build.0 = Debug|Any CPU
		{6F19CDD7-0758-4320-8DE0-343F5C4A536F}.Release|Any CPU.ActiveCfg = Release|Any CPU
		{6F19CDD7-0758-4320-8DE0-343F5C4A536F}.Release|Any CPU.Build.0 = Release|Any CPU
		{F395B98A-7BEC-4C09-9398-93D81B74CB13}.Debug|Any CPU.ActiveCfg = Debug|Any CPU
		{F395B98A-7BEC-4C09-9398-93D81B74CB13}.Debug|Any CPU.Build.0 = Debug|Any CPU
		{F395B98A-7BEC-4C09-9398-93D81B74CB13}.Release|Any CPU.ActiveCfg = Release|Any CPU
		{F395B98A-7BEC-4C09-9398-93D81B74CB13}.Release|Any CPU.Build.0 = Release|Any CPU
		{A33FA73D-C3F7-48FF-AE8E-61DE90AB3180}.Debug|Any CPU.ActiveCfg = Debug|Any CPU
		{A33FA73D-C3F7-48FF-AE8E-61DE90AB3180}.Debug|Any CPU.Build.0 = Debug|Any CPU
		{A33FA73D-C3F7-48FF-AE8E-61DE90AB3180}.Release|Any CPU.ActiveCfg = Release|Any CPU
		{A33FA73D-C3F7-48FF-AE8E-61DE90AB3180}.Release|Any CPU.Build.0 = Release|Any CPU
		{FB08E535-E179-4D09-9CBC-9D6E0F9F6456}.Debug|Any CPU.ActiveCfg = Debug|Any CPU
		{FB08E535-E179-4D09-9CBC-9D6E0F9F6456}.Debug|Any CPU.Build.0 = Debug|Any CPU
		{FB08E535-E179-4D09-9CBC-9D6E0F9F6456}.Release|Any CPU.ActiveCfg = Release|Any CPU
		{FB08E535-E179-4D09-9CBC-9D6E0F9F6456}.Release|Any CPU.Build.0 = Release|Any CPU
		{932ED32C-64E1-40DE-AABA-646A32698DB5}.Debug|Any CPU.ActiveCfg = Debug|Any CPU
		{932ED32C-64E1-40DE-AABA-646A32698DB5}.Debug|Any CPU.Build.0 = Debug|Any CPU
		{932ED32C-64E1-40DE-AABA-646A32698DB5}.Release|Any CPU.ActiveCfg = Release|Any CPU
		{932ED32C-64E1-40DE-AABA-646A32698DB5}.Release|Any CPU.Build.0 = Release|Any CPU
		{424DF2E0-6E35-40F1-84D2-4B1A8F8A762E}.Debug|Any CPU.ActiveCfg = Debug|Any CPU
		{424DF2E0-6E35-40F1-84D2-4B1A8F8A762E}.Debug|Any CPU.Build.0 = Debug|Any CPU
		{424DF2E0-6E35-40F1-84D2-4B1A8F8A762E}.Release|Any CPU.ActiveCfg = Release|Any CPU
		{424DF2E0-6E35-40F1-84D2-4B1A8F8A762E}.Release|Any CPU.Build.0 = Release|Any CPU
		{3005570F-B516-49E8-A02B-A9298C386A49}.Debug|Any CPU.ActiveCfg = Debug|Any CPU
		{3005570F-B516-49E8-A02B-A9298C386A49}.Debug|Any CPU.Build.0 = Debug|Any CPU
		{3005570F-B516-49E8-A02B-A9298C386A49}.Release|Any CPU.ActiveCfg = Release|Any CPU
		{3005570F-B516-49E8-A02B-A9298C386A49}.Release|Any CPU.Build.0 = Release|Any CPU
		{916B4513-48F8-4E56-9FD1-F140515A808E}.Debug|Any CPU.ActiveCfg = Debug|Any CPU
		{916B4513-48F8-4E56-9FD1-F140515A808E}.Debug|Any CPU.Build.0 = Debug|Any CPU
		{916B4513-48F8-4E56-9FD1-F140515A808E}.Release|Any CPU.ActiveCfg = Release|Any CPU
		{916B4513-48F8-4E56-9FD1-F140515A808E}.Release|Any CPU.Build.0 = Release|Any CPU
		{12FA413D-93F7-438C-9B7E-27F2DE06ACFF}.Debug|Any CPU.ActiveCfg = Debug|Any CPU
		{12FA413D-93F7-438C-9B7E-27F2DE06ACFF}.Debug|Any CPU.Build.0 = Debug|Any CPU
		{12FA413D-93F7-438C-9B7E-27F2DE06ACFF}.Release|Any CPU.ActiveCfg = Release|Any CPU
		{12FA413D-93F7-438C-9B7E-27F2DE06ACFF}.Release|Any CPU.Build.0 = Release|Any CPU
		{EB169070-FA24-4E70-A498-13686742F0E2}.Debug|Any CPU.ActiveCfg = Debug|Any CPU
		{EB169070-FA24-4E70-A498-13686742F0E2}.Debug|Any CPU.Build.0 = Debug|Any CPU
		{EB169070-FA24-4E70-A498-13686742F0E2}.Release|Any CPU.ActiveCfg = Release|Any CPU
		{EB169070-FA24-4E70-A498-13686742F0E2}.Release|Any CPU.Build.0 = Release|Any CPU
		{E7DD4714-77DB-4D73-BFF9-3D8D23DA1C65}.Debug|Any CPU.ActiveCfg = Debug|Any CPU
		{E7DD4714-77DB-4D73-BFF9-3D8D23DA1C65}.Debug|Any CPU.Build.0 = Debug|Any CPU
		{E7DD4714-77DB-4D73-BFF9-3D8D23DA1C65}.Release|Any CPU.ActiveCfg = Release|Any CPU
		{E7DD4714-77DB-4D73-BFF9-3D8D23DA1C65}.Release|Any CPU.Build.0 = Release|Any CPU
		{0B53A65E-C4F7-45E0-B63B-501EE13348D8}.Debug|Any CPU.ActiveCfg = Debug|Any CPU
		{0B53A65E-C4F7-45E0-B63B-501EE13348D8}.Debug|Any CPU.Build.0 = Debug|Any CPU
		{0B53A65E-C4F7-45E0-B63B-501EE13348D8}.Release|Any CPU.ActiveCfg = Release|Any CPU
		{0B53A65E-C4F7-45E0-B63B-501EE13348D8}.Release|Any CPU.Build.0 = Release|Any CPU
		{AA682CD9-F3BD-4C7F-BD77-058D27CB339D}.Debug|Any CPU.ActiveCfg = Debug|Any CPU
		{AA682CD9-F3BD-4C7F-BD77-058D27CB339D}.Debug|Any CPU.Build.0 = Debug|Any CPU
		{AA682CD9-F3BD-4C7F-BD77-058D27CB339D}.Release|Any CPU.ActiveCfg = Release|Any CPU
		{AA682CD9-F3BD-4C7F-BD77-058D27CB339D}.Release|Any CPU.Build.0 = Release|Any CPU
		{39A15F3F-913C-4AF4-821E-E83068648700}.Debug|Any CPU.ActiveCfg = Debug|Any CPU
		{39A15F3F-913C-4AF4-821E-E83068648700}.Debug|Any CPU.Build.0 = Debug|Any CPU
		{39A15F3F-913C-4AF4-821E-E83068648700}.Release|Any CPU.ActiveCfg = Release|Any CPU
		{39A15F3F-913C-4AF4-821E-E83068648700}.Release|Any CPU.Build.0 = Release|Any CPU
		{2258DA25-3EB6-44FC-B7F3-15E909761260}.Debug|Any CPU.ActiveCfg = Debug|Any CPU
		{2258DA25-3EB6-44FC-B7F3-15E909761260}.Debug|Any CPU.Build.0 = Debug|Any CPU
		{2258DA25-3EB6-44FC-B7F3-15E909761260}.Release|Any CPU.ActiveCfg = Release|Any CPU
		{2258DA25-3EB6-44FC-B7F3-15E909761260}.Release|Any CPU.Build.0 = Release|Any CPU
		{8F0DEEAA-A553-49E2-80BE-703AE618070E}.Debug|Any CPU.ActiveCfg = Debug|Any CPU
		{8F0DEEAA-A553-49E2-80BE-703AE618070E}.Debug|Any CPU.Build.0 = Debug|Any CPU
		{8F0DEEAA-A553-49E2-80BE-703AE618070E}.Release|Any CPU.ActiveCfg = Release|Any CPU
		{8F0DEEAA-A553-49E2-80BE-703AE618070E}.Release|Any CPU.Build.0 = Release|Any CPU
		{EE61BD1B-77AB-48BB-976E-56A4F17D05E5}.Debug|Any CPU.ActiveCfg = Debug|Any CPU
		{EE61BD1B-77AB-48BB-976E-56A4F17D05E5}.Debug|Any CPU.Build.0 = Debug|Any CPU
		{EE61BD1B-77AB-48BB-976E-56A4F17D05E5}.Release|Any CPU.ActiveCfg = Release|Any CPU
		{EE61BD1B-77AB-48BB-976E-56A4F17D05E5}.Release|Any CPU.Build.0 = Release|Any CPU
		{77B17889-0A7B-4F9D-90AD-C9D5CC6ADE5B}.Debug|Any CPU.ActiveCfg = Debug|Any CPU
		{77B17889-0A7B-4F9D-90AD-C9D5CC6ADE5B}.Debug|Any CPU.Build.0 = Debug|Any CPU
		{77B17889-0A7B-4F9D-90AD-C9D5CC6ADE5B}.Release|Any CPU.ActiveCfg = Release|Any CPU
		{77B17889-0A7B-4F9D-90AD-C9D5CC6ADE5B}.Release|Any CPU.Build.0 = Release|Any CPU
		{75C5FA05-D2EF-4EC1-BEB1-58FE24CFC505}.Debug|Any CPU.ActiveCfg = Debug|Any CPU
		{75C5FA05-D2EF-4EC1-BEB1-58FE24CFC505}.Debug|Any CPU.Build.0 = Debug|Any CPU
		{75C5FA05-D2EF-4EC1-BEB1-58FE24CFC505}.Release|Any CPU.ActiveCfg = Release|Any CPU
		{75C5FA05-D2EF-4EC1-BEB1-58FE24CFC505}.Release|Any CPU.Build.0 = Release|Any CPU
		{2EFDADBB-1654-449D-BDA8-5E2C535EB01B}.Debug|Any CPU.ActiveCfg = Debug|Any CPU
		{2EFDADBB-1654-449D-BDA8-5E2C535EB01B}.Debug|Any CPU.Build.0 = Debug|Any CPU
		{2EFDADBB-1654-449D-BDA8-5E2C535EB01B}.Release|Any CPU.ActiveCfg = Release|Any CPU
		{2EFDADBB-1654-449D-BDA8-5E2C535EB01B}.Release|Any CPU.Build.0 = Release|Any CPU
		{A812AF32-50A4-4CDA-BF5B-A95627558F68}.Debug|Any CPU.ActiveCfg = Debug|Any CPU
		{A812AF32-50A4-4CDA-BF5B-A95627558F68}.Debug|Any CPU.Build.0 = Debug|Any CPU
		{A812AF32-50A4-4CDA-BF5B-A95627558F68}.Release|Any CPU.ActiveCfg = Release|Any CPU
		{A812AF32-50A4-4CDA-BF5B-A95627558F68}.Release|Any CPU.Build.0 = Release|Any CPU
		{344AFFAA-9D44-4F03-BB5F-9466AB27AC2E}.Debug|Any CPU.ActiveCfg = Debug|Any CPU
		{344AFFAA-9D44-4F03-BB5F-9466AB27AC2E}.Debug|Any CPU.Build.0 = Debug|Any CPU
		{344AFFAA-9D44-4F03-BB5F-9466AB27AC2E}.Release|Any CPU.ActiveCfg = Release|Any CPU
		{344AFFAA-9D44-4F03-BB5F-9466AB27AC2E}.Release|Any CPU.Build.0 = Release|Any CPU
		{07877174-7957-4A2D-B5D5-7680AD887BFF}.Debug|Any CPU.ActiveCfg = Debug|Any CPU
		{07877174-7957-4A2D-B5D5-7680AD887BFF}.Debug|Any CPU.Build.0 = Debug|Any CPU
		{07877174-7957-4A2D-B5D5-7680AD887BFF}.Release|Any CPU.ActiveCfg = Release|Any CPU
		{07877174-7957-4A2D-B5D5-7680AD887BFF}.Release|Any CPU.Build.0 = Release|Any CPU
		{3A043D2A-5AF7-45D6-91D7-6B9B709C6652}.Debug|Any CPU.ActiveCfg = Debug|Any CPU
		{3A043D2A-5AF7-45D6-91D7-6B9B709C6652}.Debug|Any CPU.Build.0 = Debug|Any CPU
		{3A043D2A-5AF7-45D6-91D7-6B9B709C6652}.Release|Any CPU.ActiveCfg = Release|Any CPU
		{3A043D2A-5AF7-45D6-91D7-6B9B709C6652}.Release|Any CPU.Build.0 = Release|Any CPU
	EndGlobalSection
	GlobalSection(SolutionProperties) = preSolution
		HideSolutionNode = FALSE
	EndGlobalSection
	GlobalSection(NestedProjects) = preSolution
		{D8896A8F-1DDC-412F-9343-BB445ECD8044} = {B2E6A04E-2CF4-4BDD-920B-4FA6890541BD}
		{0140E0FA-0B1A-4AFB-98E6-A06EA41A4BF2} = {B2E6A04E-2CF4-4BDD-920B-4FA6890541BD}
		{EA6273E9-A7F1-4207-8F2C-554AE2C5EE3A} = {B2E6A04E-2CF4-4BDD-920B-4FA6890541BD}
		{2F74ACA7-3DAC-4CA4-B850-2F1FD0D96084} = {B2E6A04E-2CF4-4BDD-920B-4FA6890541BD}
		{F03ACE3C-417B-4E1C-843C-2624F7941F20} = {B2E6A04E-2CF4-4BDD-920B-4FA6890541BD}
		{8FE2B9B6-8909-4865-A043-A0E88C4B5916} = {BBC8C53D-0C15-4550-B6A5-2F8B436F2854}
		{8D27A25A-DB9F-4968-8EF2-6484EC7248EA} = {BBC8C53D-0C15-4550-B6A5-2F8B436F2854}
		{B2E6A04E-2CF4-4BDD-920B-4FA6890541BD} = {8FE2B9B6-8909-4865-A043-A0E88C4B5916}
		{3E65A84F-9856-40BE-8CBC-2ACD3DEDB4ED} = {8D27A25A-DB9F-4968-8EF2-6484EC7248EA}
		{AA36AB2A-35B8-498F-ACAE-D2679E8512A3} = {3E65A84F-9856-40BE-8CBC-2ACD3DEDB4ED}
		{E8DE376C-688B-4A91-A6AF-1B165ECE0765} = {AA36AB2A-35B8-498F-ACAE-D2679E8512A3}
		{7D8D8D7A-474F-4D30-B08A-00D111BE0A75} = {3E65A84F-9856-40BE-8CBC-2ACD3DEDB4ED}
		{FE37225D-188E-46D7-9B98-9AEBBFC09792} = {7D8D8D7A-474F-4D30-B08A-00D111BE0A75}
		{B4246139-EB4A-4748-BA04-E274CAF0A287} = {3E65A84F-9856-40BE-8CBC-2ACD3DEDB4ED}
		{842E9053-4211-4D95-AF65-F03DCB618D44} = {B4246139-EB4A-4748-BA04-E274CAF0A287}
		{89A653D5-BB9C-4B09-B4EE-E8911C1A846C} = {3E65A84F-9856-40BE-8CBC-2ACD3DEDB4ED}
		{E5B0934F-29B0-4DEE-8D56-47E3244937E4} = {89A653D5-BB9C-4B09-B4EE-E8911C1A846C}
		{5D1B614A-D55D-44F7-8278-B9AEA7EF39A1} = {3E65A84F-9856-40BE-8CBC-2ACD3DEDB4ED}
		{CE576F7D-F59E-46F8-9719-4342C54E5B46} = {5D1B614A-D55D-44F7-8278-B9AEA7EF39A1}
		{3A315A4B-1042-4B2B-BBD3-58AD0A4E6512} = {0140E0FA-0B1A-4AFB-98E6-A06EA41A4BF2}
		{0E88BF34-1DE8-4B88-B763-AE5FB82B2142} = {EA6273E9-A7F1-4207-8F2C-554AE2C5EE3A}
		{2FF9E8ED-AA29-41E3-8947-9050FBFC7413} = {F03ACE3C-417B-4E1C-843C-2624F7941F20}
		{032E4282-9A36-43CF-96E2-2117911E962E} = {BBC8C53D-0C15-4550-B6A5-2F8B436F2854}
		{ABE873EA-A36A-4C68-9AAB-AE72DC573EFC} = {032E4282-9A36-43CF-96E2-2117911E962E}
		{C6F27A28-5EB0-4D47-97C9-03047432B65B} = {ABE873EA-A36A-4C68-9AAB-AE72DC573EFC}
		{3F218B21-E98C-4456-9EDB-12AB5DF39143} = {D8896A8F-1DDC-412F-9343-BB445ECD8044}
		{68A8D1D7-E76D-4035-87BC-DF6EB29D22C1} = {8D27A25A-DB9F-4968-8EF2-6484EC7248EA}
		{F7082B32-9B9E-414F-AC0F-0A3F8933DBFB} = {68A8D1D7-E76D-4035-87BC-DF6EB29D22C1}
		{2733017D-6782-4DE9-AB9F-AD44FA9E79F5} = {F7082B32-9B9E-414F-AC0F-0A3F8933DBFB}
		{34EA10B7-D8D5-4036-AFC3-18599B690AC6} = {68A8D1D7-E76D-4035-87BC-DF6EB29D22C1}
		{823B3B8A-F65D-4303-A1ED-1FE4E5F17142} = {34EA10B7-D8D5-4036-AFC3-18599B690AC6}
		{D65DD420-7D28-4A16-8D16-1BE51F992AC0} = {68A8D1D7-E76D-4035-87BC-DF6EB29D22C1}
		{6C5AA1AB-0D75-4DBB-9871-7E6263F579FB} = {D65DD420-7D28-4A16-8D16-1BE51F992AC0}
		{B77C3D0F-E997-4BE5-8738-4DAA01620464} = {68A8D1D7-E76D-4035-87BC-DF6EB29D22C1}
		{54973DE1-88C1-44C4-8FD2-BA9FAE5D0578} = {B77C3D0F-E997-4BE5-8738-4DAA01620464}
		{EBBF831C-6470-4D00-BEE6-95902B66AC5D} = {68A8D1D7-E76D-4035-87BC-DF6EB29D22C1}
		{45BCD5C4-A4E5-4D54-88E7-91936AF73000} = {EBBF831C-6470-4D00-BEE6-95902B66AC5D}
		{9AD3D62C-AC56-4783-92F7-DE59F4BD3838} = {8D27A25A-DB9F-4968-8EF2-6484EC7248EA}
		{BBB4D875-01AA-4D6A-BAEF-57017A876640} = {9AD3D62C-AC56-4783-92F7-DE59F4BD3838}
		{01D7168D-F6C3-4E52-B5F2-4091EA1FBABE} = {BBB4D875-01AA-4D6A-BAEF-57017A876640}
		{17B617F8-D3C2-4892-ADD2-D652855AFC71} = {9AD3D62C-AC56-4783-92F7-DE59F4BD3838}
		{04976FD8-1D2C-41CE-A1E7-9AEE477E392D} = {17B617F8-D3C2-4892-ADD2-D652855AFC71}
		{77D2F985-1BD2-43CF-9829-3D2A65E71813} = {9AD3D62C-AC56-4783-92F7-DE59F4BD3838}
		{AB18A4BA-9DB7-49BD-BB59-DE5C4C879D1E} = {77D2F985-1BD2-43CF-9829-3D2A65E71813}
		{EABE071E-98BB-4D95-AA6A-B354EF25516D} = {9AD3D62C-AC56-4783-92F7-DE59F4BD3838}
		{2598DA8B-F508-418A-996B-287BAFC9FFF5} = {EABE071E-98BB-4D95-AA6A-B354EF25516D}
		{EEE954C6-F710-4BB2-8AFD-090AA4310051} = {9AD3D62C-AC56-4783-92F7-DE59F4BD3838}
		{66806037-1FBF-4FC5-BD92-2A7CC51A4936} = {EEE954C6-F710-4BB2-8AFD-090AA4310051}
		{6F19CDD7-0758-4320-8DE0-343F5C4A536F} = {77D2F985-1BD2-43CF-9829-3D2A65E71813}
		{8305BD3B-FCDB-4DB8-AA68-8D9B0A5DBE7C} = {BBC8C53D-0C15-4550-B6A5-2F8B436F2854}
		{F395B98A-7BEC-4C09-9398-93D81B74CB13} = {EA6273E9-A7F1-4207-8F2C-554AE2C5EE3A}
		{A33FA73D-C3F7-48FF-AE8E-61DE90AB3180} = {2F74ACA7-3DAC-4CA4-B850-2F1FD0D96084}
		{72D67DBD-23F8-4E7D-959F-2E7E2FC1F9C9} = {032E4282-9A36-43CF-96E2-2117911E962E}
		{FB08E535-E179-4D09-9CBC-9D6E0F9F6456} = {72D67DBD-23F8-4E7D-959F-2E7E2FC1F9C9}
		{708BA138-9280-4ABA-B6B2-6B701F7B3355} = {8FE2B9B6-8909-4865-A043-A0E88C4B5916}
		{3341CC35-29DD-48B6-AEA5-2E2A11F4651D} = {708BA138-9280-4ABA-B6B2-6B701F7B3355}
		{96DD3D57-9C36-46A9-8180-CB0257CFAE3A} = {708BA138-9280-4ABA-B6B2-6B701F7B3355}
		{4BA06732-17D0-49A6-A4AD-D4A01AFDEA14} = {708BA138-9280-4ABA-B6B2-6B701F7B3355}
		{04074DE6-F75D-4373-87EB-5421EC8A8CD2} = {708BA138-9280-4ABA-B6B2-6B701F7B3355}
		{401EA0EC-FF53-4F98-9580-C8E208E72427} = {708BA138-9280-4ABA-B6B2-6B701F7B3355}
		{932ED32C-64E1-40DE-AABA-646A32698DB5} = {3341CC35-29DD-48B6-AEA5-2E2A11F4651D}
		{424DF2E0-6E35-40F1-84D2-4B1A8F8A762E} = {96DD3D57-9C36-46A9-8180-CB0257CFAE3A}
		{3005570F-B516-49E8-A02B-A9298C386A49} = {4BA06732-17D0-49A6-A4AD-D4A01AFDEA14}
		{916B4513-48F8-4E56-9FD1-F140515A808E} = {4BA06732-17D0-49A6-A4AD-D4A01AFDEA14}
		{12FA413D-93F7-438C-9B7E-27F2DE06ACFF} = {04074DE6-F75D-4373-87EB-5421EC8A8CD2}
		{EB169070-FA24-4E70-A498-13686742F0E2} = {401EA0EC-FF53-4F98-9580-C8E208E72427}
		{1CF6BE8F-BEB6-4C2F-B5AB-50169B9E2F92} = {8305BD3B-FCDB-4DB8-AA68-8D9B0A5DBE7C}
		{E7DD4714-77DB-4D73-BFF9-3D8D23DA1C65} = {1CF6BE8F-BEB6-4C2F-B5AB-50169B9E2F92}
		{FE947F21-7753-44A3-82D5-0BA7DC4801B0} = {8305BD3B-FCDB-4DB8-AA68-8D9B0A5DBE7C}
		{0B53A65E-C4F7-45E0-B63B-501EE13348D8} = {FE947F21-7753-44A3-82D5-0BA7DC4801B0}
		{6F2A8FBD-CB4F-41F8-857D-6775590DC7D2} = {8D27A25A-DB9F-4968-8EF2-6484EC7248EA}
		{AE143545-5F70-41D6-A87E-B38DEBC41828} = {6F2A8FBD-CB4F-41F8-857D-6775590DC7D2}
		{A14A5A76-2A29-437F-B422-4D9B26D30201} = {6F2A8FBD-CB4F-41F8-857D-6775590DC7D2}
		{50050709-2A34-4557-A1DE-8273398EB40B} = {6F2A8FBD-CB4F-41F8-857D-6775590DC7D2}
		{BE553FD8-257C-4F4C-B8CE-0B3810DCB686} = {6F2A8FBD-CB4F-41F8-857D-6775590DC7D2}
		{B6518ABB-47AB-4795-9F4A-F9F836E10C74} = {6F2A8FBD-CB4F-41F8-857D-6775590DC7D2}
		{AA682CD9-F3BD-4C7F-BD77-058D27CB339D} = {AE143545-5F70-41D6-A87E-B38DEBC41828}
		{39A15F3F-913C-4AF4-821E-E83068648700} = {A14A5A76-2A29-437F-B422-4D9B26D30201}
		{2258DA25-3EB6-44FC-B7F3-15E909761260} = {50050709-2A34-4557-A1DE-8273398EB40B}
		{8F0DEEAA-A553-49E2-80BE-703AE618070E} = {50050709-2A34-4557-A1DE-8273398EB40B}
		{EE61BD1B-77AB-48BB-976E-56A4F17D05E5} = {BE553FD8-257C-4F4C-B8CE-0B3810DCB686}
		{77B17889-0A7B-4F9D-90AD-C9D5CC6ADE5B} = {B6518ABB-47AB-4795-9F4A-F9F836E10C74}
		{506D3162-97F3-41FB-BEBA-16307C31E092} = {8D27A25A-DB9F-4968-8EF2-6484EC7248EA}
		{6AD76B5C-F78B-42CB-A124-A2A2D931AA1C} = {506D3162-97F3-41FB-BEBA-16307C31E092}
		{75C5FA05-D2EF-4EC1-BEB1-58FE24CFC505} = {6AD76B5C-F78B-42CB-A124-A2A2D931AA1C}
		{426E8B17-79E4-4633-AF9F-D88AB3E02310} = {506D3162-97F3-41FB-BEBA-16307C31E092}
		{2EFDADBB-1654-449D-BDA8-5E2C535EB01B} = {426E8B17-79E4-4633-AF9F-D88AB3E02310}
		{DDB4E128-5104-4F73-BE0B-8ADDEF4AB3A9} = {506D3162-97F3-41FB-BEBA-16307C31E092}
		{A812AF32-50A4-4CDA-BF5B-A95627558F68} = {DDB4E128-5104-4F73-BE0B-8ADDEF4AB3A9}
		{344AFFAA-9D44-4F03-BB5F-9466AB27AC2E} = {DDB4E128-5104-4F73-BE0B-8ADDEF4AB3A9}
		{BE1BE5D1-8569-44E0-9322-5FA98BBDE8FA} = {506D3162-97F3-41FB-BEBA-16307C31E092}
		{07877174-7957-4A2D-B5D5-7680AD887BFF} = {BE1BE5D1-8569-44E0-9322-5FA98BBDE8FA}
		{7481E9FB-E7A2-4FE2-BF0E-FF254C845E3B} = {506D3162-97F3-41FB-BEBA-16307C31E092}
		{3A043D2A-5AF7-45D6-91D7-6B9B709C6652} = {7481E9FB-E7A2-4FE2-BF0E-FF254C845E3B}
	EndGlobalSection
	GlobalSection(ExtensibilityGlobals) = postSolution
		SolutionGuid = {D88D7D45-066E-41A3-B6EE-46C0AE939FDC}
	EndGlobalSection
EndGlobal
